Microsoft Visual Studio Solution File, Format Version 12.00
# Visual Studio Version 17
VisualStudioVersion = 17.5.2.0
MinimumVisualStudioVersion = 10.0.40219.1
Project("{FAE04EC0-301F-11D3-BF4B-00C04F79EFBC}") = "VulnerableApp.Tests", "VulnerableApp.Tests\VulnerableApp.Tests.csproj", "{FE77D8DC-116E-F381-06A1-E66159054E8C}"
EndProject
Project("{FAE04EC0-301F-11D3-BF4B-00C04F79EFBC}") = "VulnerableApp", "VulnerableApp\VulnerableApp.csproj", "{9A7AB714-CBC4-634B-A91A-44EDEBB230B2}"
EndProject
Global
	GlobalSection(SolutionConfigurationPlatforms) = preSolution
		Debug|Any CPU = Debug|Any CPU
		Release|Any CPU = Release|Any CPU
	EndGlobalSection
	GlobalSection(ProjectConfigurationPlatforms) = postSolution
		{FE77D8DC-116E-F381-06A1-E66159054E8C}.Debug|Any CPU.ActiveCfg = Debug|Any CPU
		{FE77D8DC-116E-F381-06A1-E66159054E8C}.Debug|Any CPU.Build.0 = Debug|Any CPU
		{FE77D8DC-116E-F381-06A1-E66159054E8C}.Release|Any CPU.ActiveCfg = Release|Any CPU
		{FE77D8DC-116E-F381-06A1-E66159054E8C}.Release|Any CPU.Build.0 = Release|Any CPU
		{9A7AB714-CBC4-634B-A91A-44EDEBB230B2}.Debug|Any CPU.ActiveCfg = Debug|Any CPU
		{9A7AB714-CBC4-634B-A91A-44EDEBB230B2}.Debug|Any CPU.Build.0 = Debug|Any CPU
		{9A7AB714-CBC4-634B-A91A-44EDEBB230B2}.Release|Any CPU.ActiveCfg = Release|Any CPU
		{9A7AB714-CBC4-634B-A91A-44EDEBB230B2}.Release|Any CPU.Build.0 = Release|Any CPU
	EndGlobalSection
	GlobalSection(SolutionProperties) = preSolution
		HideSolutionNode = FALSE
	EndGlobalSection
	GlobalSection(ExtensibilityGlobals) = postSolution
		SolutionGuid = {C251C67A-0280-46C7-8FB9-0C408F3CDFD5}
	EndGlobalSection
EndGlobal
